# THIS IS AN AUTOGENERATED FILE. DO NOT EDIT THIS FILE DIRECTLY.
# yarn lockfile v1


"@types/mkdirp@^1.0.2":
  version "1.0.2"
  resolved "https://registry.yarnpkg.com/@types/mkdirp/-/mkdirp-1.0.2.tgz#8d0bad7aa793abe551860be1f7ae7f3198c16666"
  integrity sha512-o0K1tSO0Dx5X6xlU5F1D6625FawhC3dU3iqr25lluNv/+/QIVH8RLNEiVokgIZo+mz+87w/3Mkg/VvQS+J51fQ==
  dependencies:
    "@types/node" "*"

"@types/node@*", "@types/node@^17.0.6":
  version "17.0.6"
  resolved "https://registry.yarnpkg.com/@types/node/-/node-17.0.6.tgz#cc1589c9ee853b389e67e8fb4384e0f250a139b9"
  integrity sha512-+XBAjfZmmivILUzO0HwBJoYkAyyySSLg5KCGBDFLomJo0sV6szvVLAf4ANZZ0pfWzgEds5KmGLG9D5hfEqOhaA==

"@types/winreg@^1.2.31":
  version "1.2.31"
  resolved "https://registry.yarnpkg.com/@types/winreg/-/winreg-1.2.31.tgz#914a7f076fd8f0f39964eb2e5c624c4fbdca77f7"
  integrity sha512-SDatEMEtQ1cJK3esIdH6colduWBP+42Xw9Guq1sf/N6rM3ZxgljBduvZOwBsxRps/k5+Wwf5HJun6pH8OnD2gg==

applescript@^1.0.0:
  version "1.0.0"
  resolved "https://registry.yarnpkg.com/applescript/-/applescript-1.0.0.tgz#bb87af568cad034a4e48c4bdaf6067a3a2701317"
  integrity sha1-u4evVoytA0pOSMS9r2Bno6JwExc=

mkdirp@^1.0.4:
  version "1.0.4"
  resolved "https://registry.yarnpkg.com/mkdirp/-/mkdirp-1.0.4.tgz#3eb5ed62622756d79a5f0e2a221dfebad75c2f7e"
  integrity sha512-vVqVZQyf3WLx2Shd0qJ9xuvqgAyKPLAiqITEtqW0oIUjzo3PePDd6fW9iFz30ef7Ysp/oiWqbhszeGWW2T6Gzw==

typescript@^4.5.4:
  version "4.5.4"
  resolved "https://registry.yarnpkg.com/typescript/-/typescript-4.5.4.tgz#a17d3a0263bf5c8723b9c52f43c5084edf13c2e8"
  integrity sha512-VgYs2A2QIRuGphtzFV7aQJduJ2gyfTljngLzjpfW9FoYZF6xuw1W0vW9ghCKLfcWrCFxK81CSGRAvS1pn4fIUg==

untildify@^4.0.0:
  version "4.0.0"
  resolved "https://registry.yarnpkg.com/untildify/-/untildify-4.0.0.tgz#2bc947b953652487e4600949fb091e3ae8cd919b"
  integrity sha512-KK8xQ1mkzZeg9inewmFVDNkg3l5LUhoq9kN6iWYB/CC9YMG8HA+c1Q8HwDe6dEX7kErrEVNVBO3fWsVq5iDgtw==

winreg@^1.2.4:
  version "1.2.4"
  resolved "https://registry.yarnpkg.com/winreg/-/winreg-1.2.4.tgz#ba065629b7a925130e15779108cf540990e98d1b"
  integrity sha1-ugZWKbepJRMOFXeRCM9UCZDpjRs=
